<?xml version="1.0" encoding="UTF-8"?>
<CodeBlocks_project_file>
	<FileVersion major="1" minor="6"/>
	<Project>
		<Option title="snake"/>
		<Option makefile_is_custom="1"/>
		<Option compiler="gcc"/>
		<Option virtualFolders="CMake Files\;"/>
		<Build>
			<Target title="all">
				<Option working_dir="/data/Git/snake_c"/>
				<Option type="4"/>
				<MakeCommands>
					<Build command="/bin/make -j4 -f &quot;/data/Git/snake_c/Makefile&quot;  VERBOSE=1 all"/>
					<CompileFile command="/bin/make -j4 -f &quot;/data/Git/snake_c/Makefile&quot;  VERBOSE=1 &quot;$file&quot;"/>
					<Clean command="/bin/make -j4 -f &quot;/data/Git/snake_c/Makefile&quot;  VERBOSE=1 clean"/>
					<DistClean command="/bin/make -j4 -f &quot;/data/Git/snake_c/Makefile&quot;  VERBOSE=1 clean"/>
				</MakeCommands>
			</Target>
			<Target title="rebuild_cache">
				<Option working_dir="/data/Git/snake_c"/>
				<Option type="4"/>
				<MakeCommands>
					<Build command="/bin/make -j4 -f &quot;/data/Git/snake_c/Makefile&quot;  VERBOSE=1 rebuild_cache"/>
					<CompileFile command="/bin/make -j4 -f &quot;/data/Git/snake_c/Makefile&quot;  VERBOSE=1 &quot;$file&quot;"/>
					<Clean command="/bin/make -j4 -f &quot;/data/Git/snake_c/Makefile&quot;  VERBOSE=1 clean"/>
					<DistClean command="/bin/make -j4 -f &quot;/data/Git/snake_c/Makefile&quot;  VERBOSE=1 clean"/>
				</MakeCommands>
			</Target>
			<Target title="edit_cache">
				<Option working_dir="/data/Git/snake_c"/>
				<Option type="4"/>
				<MakeCommands>
					<Build command="/bin/make -j4 -f &quot;/data/Git/snake_c/Makefile&quot;  VERBOSE=1 edit_cache"/>
					<CompileFile command="/bin/make -j4 -f &quot;/data/Git/snake_c/Makefile&quot;  VERBOSE=1 &quot;$file&quot;"/>
					<Clean command="/bin/make -j4 -f &quot;/data/Git/snake_c/Makefile&quot;  VERBOSE=1 clean"/>
					<DistClean command="/bin/make -j4 -f &quot;/data/Git/snake_c/Makefile&quot;  VERBOSE=1 clean"/>
				</MakeCommands>
			</Target>
			<Target title="snake">
				<Option output="/data/Git/snake_c/snake" prefix_auto="0" extension_auto="0"/>
				<Option working_dir="/data/Git/snake_c"/>
				<Option object_output="./"/>
				<Option type="1"/>
				<Option compiler="gcc"/>
				<Compiler>
					<Add directory="/usr/lib/gcc/x86_64-pc-linux-gnu/7.3.0/../../../../include/c++/7.3.0"/>
					<Add directory="/usr/lib/gcc/x86_64-pc-linux-gnu/7.3.0/../../../../include/c++/7.3.0/x86_64-pc-linux-gnu"/>
					<Add directory="/usr/lib/gcc/x86_64-pc-linux-gnu/7.3.0/../../../../include/c++/7.3.0/backward"/>
					<Add directory="/usr/lib/gcc/x86_64-pc-linux-gnu/7.3.0/include"/>
					<Add directory="/usr/local/include"/>
					<Add directory="/usr/lib/gcc/x86_64-pc-linux-gnu/7.3.0/include-fixed"/>
					<Add directory="/usr/include"/>
				</Compiler>
				<MakeCommands>
					<Build command="/bin/make -j4 -f &quot;/data/Git/snake_c/Makefile&quot;  VERBOSE=1 snake"/>
					<CompileFile command="/bin/make -j4 -f &quot;/data/Git/snake_c/Makefile&quot;  VERBOSE=1 &quot;$file&quot;"/>
					<Clean command="/bin/make -j4 -f &quot;/data/Git/snake_c/Makefile&quot;  VERBOSE=1 clean"/>
					<DistClean command="/bin/make -j4 -f &quot;/data/Git/snake_c/Makefile&quot;  VERBOSE=1 clean"/>
				</MakeCommands>
			</Target>
			<Target title="snake/fast">
				<Option output="/data/Git/snake_c/snake" prefix_auto="0" extension_auto="0"/>
				<Option working_dir="/data/Git/snake_c"/>
				<Option object_output="./"/>
				<Option type="1"/>
				<Option compiler="gcc"/>
				<Compiler>
					<Add directory="/usr/lib/gcc/x86_64-pc-linux-gnu/7.3.0/../../../../include/c++/7.3.0"/>
					<Add directory="/usr/lib/gcc/x86_64-pc-linux-gnu/7.3.0/../../../../include/c++/7.3.0/x86_64-pc-linux-gnu"/>
					<Add directory="/usr/lib/gcc/x86_64-pc-linux-gnu/7.3.0/../../../../include/c++/7.3.0/backward"/>
					<Add directory="/usr/lib/gcc/x86_64-pc-linux-gnu/7.3.0/include"/>
					<Add directory="/usr/local/include"/>
					<Add directory="/usr/lib/gcc/x86_64-pc-linux-gnu/7.3.0/include-fixed"/>
					<Add directory="/usr/include"/>
				</Compiler>
				<MakeCommands>
					<Build command="/bin/make -j4 -f &quot;/data/Git/snake_c/Makefile&quot;  VERBOSE=1 snake/fast"/>
					<CompileFile command="/bin/make -j4 -f &quot;/data/Git/snake_c/Makefile&quot;  VERBOSE=1 &quot;$file&quot;"/>
					<Clean command="/bin/make -j4 -f &quot;/data/Git/snake_c/Makefile&quot;  VERBOSE=1 clean"/>
					<DistClean command="/bin/make -j4 -f &quot;/data/Git/snake_c/Makefile&quot;  VERBOSE=1 clean"/>
				</MakeCommands>
			</Target>
		</Build>
		<Unit filename="/data/Git/snake_c/constants.h">
			<Option target="snake"/>
		</Unit>
		<Unit filename="/data/Git/snake_c/main.c">
			<Option target="snake"/>
		</Unit>
		<Unit filename="/data/Git/snake_c/types.h">
			<Option target="snake"/>
		</Unit>
		<Unit filename="/data/Git/snake_c/CMakeLists.txt">
			<Option virtualFolder="CMake Files\"/>
		</Unit>
	</Project>
</CodeBlocks_project_file>
